{
  "name": "tsdemo",
  "version": "1.0.0",
  "lockfileVersion": 1,
  "requires": true,
  "dependencies": {
    "@types/lodash": {
      "version": "4.14.150",
      "resolved": "http://npm.devops.xiaohongshu.com:7001/@types/lodash/download/@types/lodash-4.14.150.tgz",
      "integrity": "sha1-ZJ/kRoTD8fy2Fk2UPFphl36M8L0=",
      "dev": true
    },
    "lodash": {
      "version": "4.17.15",
      "resolved": "http://npm.devops.xiaohongshu.com:7001/lodash/download/lodash-4.17.15.tgz",
      "integrity": "sha1-tEf2ZwoEVbv+7dETku/zMOoJdUg="
    },
    "reflect-metadata": {
      "version": "0.1.13",
      "resolved": "http://npm.devops.xiaohongshu.com:7001/reflect-metadata/download/reflect-metadata-0.1.13.tgz",
      "integrity": "sha1-Z648pXyXKiqhZCsQ/jY/4y1J3Ag="
    }
  }
}
